
Microsoft Visual Studio Solution File, Format Version 12.00
# Visual Studio 15
VisualStudioVersion = 15.0.27004.2006
MinimumVisualStudioVersion = 10.0.40219.1
Project("{FAE04EC0-301F-11D3-BF4B-00C04F79EFBC}") = "RankCollector", "RankCollector\RankCollector.csproj", "{4738A72E-8780-4506-9AB6-F62BF2227ECE}"
EndProject
Project("{FAE04EC0-301F-11D3-BF4B-00C04F79EFBC}") = "RankCollectorFront", "RankCollectorFront\RankCollectorFront.csproj", "{4793F959-1FA6-49C4-90C0-5CEEC5427186}"
EndProject
Project("{FAE04EC0-301F-11D3-BF4B-00C04F79EFBC}") = "ChatCrawlerBySelenium", "ChatCrawlerBySelenium\ChatCrawlerBySelenium.csproj", "{D2A8812E-307C-4F53-9717-F26C8939F714}"
EndProject
Project("{FAE04EC0-301F-11D3-BF4B-00C04F79EFBC}") = "WebController", "WebController\WebController.csproj", "{B5A71A4C-B4ED-423C-AE5D-81118C18E693}"
EndProject
Project("{FAE04EC0-301F-11D3-BF4B-00C04F79EFBC}") = "ChatCrawlerManager_Test", "ChatCrawlerManager_Test\ChatCrawlerManager_Test.csproj", "{9DAE80CD-4D98-4805-B6CE-4A1B8C048480}"
EndProject
Project("{FAE04EC0-301F-11D3-BF4B-00C04F79EFBC}") = "ChatClientViewer", "ChatClientViewer\ChatClientViewer.csproj", "{263FC142-3B79-45A9-9B9B-B00A2CCD17C9}"
EndProject
Project("{FAE04EC0-301F-11D3-BF4B-00C04F79EFBC}") = "DataModels", "DataModels\DataModels.csproj", "{CC7C0D11-9575-406B-B52A-A9A83AD63AC5}"
EndProject
Project("{FAE04EC0-301F-11D3-BF4B-00C04F79EFBC}") = "ChatClientViewerLogin", "ChatClientViewerLogin\ChatClientViewerLogin.csproj", "{56CF165B-9000-4F4F-BFA4-1F3E62A9E63F}"
EndProject
Project("{FAE04EC0-301F-11D3-BF4B-00C04F79EFBC}") = "avj.Common", "avj.Common\avj.Common.csproj", "{89F4523F-A6FB-4EFF-859E-C00667C96960}"
EndProject
Project("{FAE04EC0-301F-11D3-BF4B-00C04F79EFBC}") = "AvjRestWebApi", "AvjRestWebApi\AvjRestWebApi.csproj", "{041365AA-A5A7-48DD-8506-4156D25A628E}"
EndProject
Project("{FAE04EC0-301F-11D3-BF4B-00C04F79EFBC}") = "avj.BizDac", "avj.BizDac\avj.BizDac.csproj", "{C47B2F31-FEA3-4CC3-967A-D7AE9F1BC891}"
EndProject
Project("{FAE04EC0-301F-11D3-BF4B-00C04F79EFBC}") = "TestProject", "TestProject\TestProject.csproj", "{A17E813D-403C-4C87-A6F3-C3447427120A}"
EndProject
Global
	GlobalSection(SolutionConfigurationPlatforms) = preSolution
		Debug|Any CPU = Debug|Any CPU
		Debug|x64 = Debug|x64
		Debug|x86 = Debug|x86
		Release|Any CPU = Release|Any CPU
		Release|x64 = Release|x64
		Release|x86 = Release|x86
	EndGlobalSection
	GlobalSection(ProjectConfigurationPlatforms) = postSolution
		{4738A72E-8780-4506-9AB6-F62BF2227ECE}.Debug|Any CPU.ActiveCfg = Debug|Any CPU
		{4738A72E-8780-4506-9AB6-F62BF2227ECE}.Debug|Any CPU.Build.0 = Debug|Any CPU
		{4738A72E-8780-4506-9AB6-F62BF2227ECE}.Debug|x64.ActiveCfg = Debug|x64
		{4738A72E-8780-4506-9AB6-F62BF2227ECE}.Debug|x64.Build.0 = Debug|x64
		{4738A72E-8780-4506-9AB6-F62BF2227ECE}.Debug|x86.ActiveCfg = Debug|x86
		{4738A72E-8780-4506-9AB6-F62BF2227ECE}.Debug|x86.Build.0 = Debug|x86
		{4738A72E-8780-4506-9AB6-F62BF2227ECE}.Release|Any CPU.ActiveCfg = Release|Any CPU
		{4738A72E-8780-4506-9AB6-F62BF2227ECE}.Release|Any CPU.Build.0 = Release|Any CPU
		{4738A72E-8780-4506-9AB6-F62BF2227ECE}.Release|x64.ActiveCfg = Release|x64
		{4738A72E-8780-4506-9AB6-F62BF2227ECE}.Release|x64.Build.0 = Release|x64
		{4738A72E-8780-4506-9AB6-F62BF2227ECE}.Release|x86.ActiveCfg = Release|x86
		{4738A72E-8780-4506-9AB6-F62BF2227ECE}.Release|x86.Build.0 = Release|x86
		{4793F959-1FA6-49C4-90C0-5CEEC5427186}.Debug|Any CPU.ActiveCfg = Debug|Any CPU
		{4793F959-1FA6-49C4-90C0-5CEEC5427186}.Debug|Any CPU.Build.0 = Debug|Any CPU
		{4793F959-1FA6-49C4-90C0-5CEEC5427186}.Debug|x64.ActiveCfg = Debug|x64
		{4793F959-1FA6-49C4-90C0-5CEEC5427186}.Debug|x64.Build.0 = Debug|x64
		{4793F959-1FA6-49C4-90C0-5CEEC5427186}.Debug|x86.ActiveCfg = Debug|x86
		{4793F959-1FA6-49C4-90C0-5CEEC5427186}.Debug|x86.Build.0 = Debug|x86
		{4793F959-1FA6-49C4-90C0-5CEEC5427186}.Release|Any CPU.ActiveCfg = Release|Any CPU
		{4793F959-1FA6-49C4-90C0-5CEEC5427186}.Release|Any CPU.Build.0 = Release|Any CPU
		{4793F959-1FA6-49C4-90C0-5CEEC5427186}.Release|x64.ActiveCfg = Release|x64
		{4793F959-1FA6-49C4-90C0-5CEEC5427186}.Release|x64.Build.0 = Release|x64
		{4793F959-1FA6-49C4-90C0-5CEEC5427186}.Release|x86.ActiveCfg = Release|x86
		{4793F959-1FA6-49C4-90C0-5CEEC5427186}.Release|x86.Build.0 = Release|x86
		{D2A8812E-307C-4F53-9717-F26C8939F714}.Debug|Any CPU.ActiveCfg = Debug|Any CPU
		{D2A8812E-307C-4F53-9717-F26C8939F714}.Debug|Any CPU.Build.0 = Debug|Any CPU
		{D2A8812E-307C-4F53-9717-F26C8939F714}.Debug|x64.ActiveCfg = Debug|x64
		{D2A8812E-307C-4F53-9717-F26C8939F714}.Debug|x64.Build.0 = Debug|x64
		{D2A8812E-307C-4F53-9717-F26C8939F714}.Debug|x86.ActiveCfg = Debug|x86
		{D2A8812E-307C-4F53-9717-F26C8939F714}.Debug|x86.Build.0 = Debug|x86
		{D2A8812E-307C-4F53-9717-F26C8939F714}.Release|Any CPU.ActiveCfg = Release|Any CPU
		{D2A8812E-307C-4F53-9717-F26C8939F714}.Release|Any CPU.Build.0 = Release|Any CPU
		{D2A8812E-307C-4F53-9717-F26C8939F714}.Release|x64.ActiveCfg = Release|x64
		{D2A8812E-307C-4F53-9717-F26C8939F714}.Release|x64.Build.0 = Release|x64
		{D2A8812E-307C-4F53-9717-F26C8939F714}.Release|x86.ActiveCfg = Release|x86
		{D2A8812E-307C-4F53-9717-F26C8939F714}.Release|x86.Build.0 = Release|x86
		{B5A71A4C-B4ED-423C-AE5D-81118C18E693}.Debug|Any CPU.ActiveCfg = Debug|Any CPU
		{B5A71A4C-B4ED-423C-AE5D-81118C18E693}.Debug|Any CPU.Build.0 = Debug|Any CPU
		{B5A71A4C-B4ED-423C-AE5D-81118C18E693}.Debug|x64.ActiveCfg = Debug|x64
		{B5A71A4C-B4ED-423C-AE5D-81118C18E693}.Debug|x64.Build.0 = Debug|x64
		{B5A71A4C-B4ED-423C-AE5D-81118C18E693}.Debug|x86.ActiveCfg = Debug|x86
		{B5A71A4C-B4ED-423C-AE5D-81118C18E693}.Debug|x86.Build.0 = Debug|x86
		{B5A71A4C-B4ED-423C-AE5D-81118C18E693}.Release|Any CPU.ActiveCfg = Release|Any CPU
		{B5A71A4C-B4ED-423C-AE5D-81118C18E693}.Release|Any CPU.Build.0 = Release|Any CPU
		{B5A71A4C-B4ED-423C-AE5D-81118C18E693}.Release|x64.ActiveCfg = Release|x64
		{B5A71A4C-B4ED-423C-AE5D-81118C18E693}.Release|x64.Build.0 = Release|x64
		{B5A71A4C-B4ED-423C-AE5D-81118C18E693}.Release|x86.ActiveCfg = Release|x86
		{B5A71A4C-B4ED-423C-AE5D-81118C18E693}.Release|x86.Build.0 = Release|x86
		{9DAE80CD-4D98-4805-B6CE-4A1B8C048480}.Debug|Any CPU.ActiveCfg = Debug|Any CPU
		{9DAE80CD-4D98-4805-B6CE-4A1B8C048480}.Debug|Any CPU.Build.0 = Debug|Any CPU
		{9DAE80CD-4D98-4805-B6CE-4A1B8C048480}.Debug|x64.ActiveCfg = Debug|x64
		{9DAE80CD-4D98-4805-B6CE-4A1B8C048480}.Debug|x64.Build.0 = Debug|x64
		{9DAE80CD-4D98-4805-B6CE-4A1B8C048480}.Debug|x86.ActiveCfg = Debug|x86
		{9DAE80CD-4D98-4805-B6CE-4A1B8C048480}.Debug|x86.Build.0 = Debug|x86
		{9DAE80CD-4D98-4805-B6CE-4A1B8C048480}.Release|Any CPU.ActiveCfg = Release|Any CPU
		{9DAE80CD-4D98-4805-B6CE-4A1B8C048480}.Release|Any CPU.Build.0 = Release|Any CPU
		{9DAE80CD-4D98-4805-B6CE-4A1B8C048480}.Release|x64.ActiveCfg = Release|x64
		{9DAE80CD-4D98-4805-B6CE-4A1B8C048480}.Release|x64.Build.0 = Release|x64
		{9DAE80CD-4D98-4805-B6CE-4A1B8C048480}.Release|x86.ActiveCfg = Release|x86
		{9DAE80CD-4D98-4805-B6CE-4A1B8C048480}.Release|x86.Build.0 = Release|x86
		{263FC142-3B79-45A9-9B9B-B00A2CCD17C9}.Debug|Any CPU.ActiveCfg = Debug|Any CPU
		{263FC142-3B79-45A9-9B9B-B00A2CCD17C9}.Debug|Any CPU.Build.0 = Debug|Any CPU
		{263FC142-3B79-45A9-9B9B-B00A2CCD17C9}.Debug|x64.ActiveCfg = Debug|x64
		{263FC142-3B79-45A9-9B9B-B00A2CCD17C9}.Debug|x64.Build.0 = Debug|x64
		{263FC142-3B79-45A9-9B9B-B00A2CCD17C9}.Debug|x86.ActiveCfg = Debug|x86
		{263FC142-3B79-45A9-9B9B-B00A2CCD17C9}.Debug|x86.Build.0 = Debug|x86
		{263FC142-3B79-45A9-9B9B-B00A2CCD17C9}.Release|Any CPU.ActiveCfg = Release|Any CPU
		{263FC142-3B79-45A9-9B9B-B00A2CCD17C9}.Release|Any CPU.Build.0 = Release|Any CPU
		{263FC142-3B79-45A9-9B9B-B00A2CCD17C9}.Release|x64.ActiveCfg = Release|x64
		{263FC142-3B79-45A9-9B9B-B00A2CCD17C9}.Release|x64.Build.0 = Release|x64
		{263FC142-3B79-45A9-9B9B-B00A2CCD17C9}.Release|x86.ActiveCfg = Release|x86
		{263FC142-3B79-45A9-9B9B-B00A2CCD17C9}.Release|x86.Build.0 = Release|x86
		{CC7C0D11-9575-406B-B52A-A9A83AD63AC5}.Debug|Any CPU.ActiveCfg = Debug|Any CPU
		{CC7C0D11-9575-406B-B52A-A9A83AD63AC5}.Debug|Any CPU.Build.0 = Debug|Any CPU
		{CC7C0D11-9575-406B-B52A-A9A83AD63AC5}.Debug|x64.ActiveCfg = Debug|x64
		{CC7C0D11-9575-406B-B52A-A9A83AD63AC5}.Debug|x64.Build.0 = Debug|x64
		{CC7C0D11-9575-406B-B52A-A9A83AD63AC5}.Debug|x86.ActiveCfg = Debug|x86
		{CC7C0D11-9575-406B-B52A-A9A83AD63AC5}.Debug|x86.Build.0 = Debug|x86
		{CC7C0D11-9575-406B-B52A-A9A83AD63AC5}.Release|Any CPU.ActiveCfg = Release|Any CPU
		{CC7C0D11-9575-406B-B52A-A9A83AD63AC5}.Release|Any CPU.Build.0 = Release|Any CPU
		{CC7C0D11-9575-406B-B52A-A9A83AD63AC5}.Release|x64.ActiveCfg = Release|x64
		{CC7C0D11-9575-406B-B52A-A9A83AD63AC5}.Release|x64.Build.0 = Release|x64
		{CC7C0D11-9575-406B-B52A-A9A83AD63AC5}.Release|x86.ActiveCfg = Release|x86
		{CC7C0D11-9575-406B-B52A-A9A83AD63AC5}.Release|x86.Build.0 = Release|x86
		{56CF165B-9000-4F4F-BFA4-1F3E62A9E63F}.Debug|Any CPU.ActiveCfg = Debug|Any CPU
		{56CF165B-9000-4F4F-BFA4-1F3E62A9E63F}.Debug|Any CPU.Build.0 = Debug|Any CPU
		{56CF165B-9000-4F4F-BFA4-1F3E62A9E63F}.Debug|x64.ActiveCfg = Debug|x64
		{56CF165B-9000-4F4F-BFA4-1F3E62A9E63F}.Debug|x64.Build.0 = Debug|x64
		{56CF165B-9000-4F4F-BFA4-1F3E62A9E63F}.Debug|x86.ActiveCfg = Debug|x86
		{56CF165B-9000-4F4F-BFA4-1F3E62A9E63F}.Debug|x86.Build.0 = Debug|x86
		{56CF165B-9000-4F4F-BFA4-1F3E62A9E63F}.Release|Any CPU.ActiveCfg = Release|Any CPU
		{56CF165B-9000-4F4F-BFA4-1F3E62A9E63F}.Release|Any CPU.Build.0 = Release|Any CPU
		{56CF165B-9000-4F4F-BFA4-1F3E62A9E63F}.Release|x64.ActiveCfg = Release|x64
		{56CF165B-9000-4F4F-BFA4-1F3E62A9E63F}.Release|x64.Build.0 = Release|x64
		{56CF165B-9000-4F4F-BFA4-1F3E62A9E63F}.Release|x86.ActiveCfg = Release|x86
		{56CF165B-9000-4F4F-BFA4-1F3E62A9E63F}.Release|x86.Build.0 = Release|x86
		{89F4523F-A6FB-4EFF-859E-C00667C96960}.Debug|Any CPU.ActiveCfg = Debug|Any CPU
		{89F4523F-A6FB-4EFF-859E-C00667C96960}.Debug|Any CPU.Build.0 = Debug|Any CPU
		{89F4523F-A6FB-4EFF-859E-C00667C96960}.Debug|x64.ActiveCfg = Debug|x64
		{89F4523F-A6FB-4EFF-859E-C00667C96960}.Debug|x64.Build.0 = Debug|x64
		{89F4523F-A6FB-4EFF-859E-C00667C96960}.Debug|x86.ActiveCfg = Debug|x86
		{89F4523F-A6FB-4EFF-859E-C00667C96960}.Debug|x86.Build.0 = Debug|x86
		{89F4523F-A6FB-4EFF-859E-C00667C96960}.Release|Any CPU.ActiveCfg = Release|Any CPU
		{89F4523F-A6FB-4EFF-859E-C00667C96960}.Release|Any CPU.Build.0 = Release|Any CPU
		{89F4523F-A6FB-4EFF-859E-C00667C96960}.Release|x64.ActiveCfg = Release|x64
		{89F4523F-A6FB-4EFF-859E-C00667C96960}.Release|x64.Build.0 = Release|x64
		{89F4523F-A6FB-4EFF-859E-C00667C96960}.Release|x86.ActiveCfg = Release|x86
		{89F4523F-A6FB-4EFF-859E-C00667C96960}.Release|x86.Build.0 = Release|x86
		{041365AA-A5A7-48DD-8506-4156D25A628E}.Debug|Any CPU.ActiveCfg = Debug|Any CPU
		{041365AA-A5A7-48DD-8506-4156D25A628E}.Debug|Any CPU.Build.0 = Debug|Any CPU
		{041365AA-A5A7-48DD-8506-4156D25A628E}.Debug|x64.ActiveCfg = Debug|x64
		{041365AA-A5A7-48DD-8506-4156D25A628E}.Debug|x64.Build.0 = Debug|x64
		{041365AA-A5A7-48DD-8506-4156D25A628E}.Debug|x86.ActiveCfg = Debug|x86
		{041365AA-A5A7-48DD-8506-4156D25A628E}.Debug|x86.Build.0 = Debug|x86
		{041365AA-A5A7-48DD-8506-4156D25A628E}.Release|Any CPU.ActiveCfg = Release|Any CPU
		{041365AA-A5A7-48DD-8506-4156D25A628E}.Release|Any CPU.Build.0 = Release|Any CPU
		{041365AA-A5A7-48DD-8506-4156D25A628E}.Release|x64.ActiveCfg = Release|x64
		{041365AA-A5A7-48DD-8506-4156D25A628E}.Release|x64.Build.0 = Release|x64
		{041365AA-A5A7-48DD-8506-4156D25A628E}.Release|x86.ActiveCfg = Release|x86
		{041365AA-A5A7-48DD-8506-4156D25A628E}.Release|x86.Build.0 = Release|x86
		{C47B2F31-FEA3-4CC3-967A-D7AE9F1BC891}.Debug|Any CPU.ActiveCfg = Debug|Any CPU
		{C47B2F31-FEA3-4CC3-967A-D7AE9F1BC891}.Debug|Any CPU.Build.0 = Debug|Any CPU
		{C47B2F31-FEA3-4CC3-967A-D7AE9F1BC891}.Debug|x64.ActiveCfg = Debug|x64
		{C47B2F31-FEA3-4CC3-967A-D7AE9F1BC891}.Debug|x64.Build.0 = Debug|x64
		{C47B2F31-FEA3-4CC3-967A-D7AE9F1BC891}.Debug|x86.ActiveCfg = Debug|x86
		{C47B2F31-FEA3-4CC3-967A-D7AE9F1BC891}.Debug|x86.Build.0 = Debug|x86
		{C47B2F31-FEA3-4CC3-967A-D7AE9F1BC891}.Release|Any CPU.ActiveCfg = Release|Any CPU
		{C47B2F31-FEA3-4CC3-967A-D7AE9F1BC891}.Release|Any CPU.Build.0 = Release|Any CPU
		{C47B2F31-FEA3-4CC3-967A-D7AE9F1BC891}.Release|x64.ActiveCfg = Release|x64
		{C47B2F31-FEA3-4CC3-967A-D7AE9F1BC891}.Release|x64.Build.0 = Release|x64
		{C47B2F31-FEA3-4CC3-967A-D7AE9F1BC891}.Release|x86.ActiveCfg = Release|x86
		{C47B2F31-FEA3-4CC3-967A-D7AE9F1BC891}.Release|x86.Build.0 = Release|x86
		{A17E813D-403C-4C87-A6F3-C3447427120A}.Debug|Any CPU.ActiveCfg = Debug|Any CPU
		{A17E813D-403C-4C87-A6F3-C3447427120A}.Debug|Any CPU.Build.0 = Debug|Any CPU
		{A17E813D-403C-4C87-A6F3-C3447427120A}.Debug|x64.ActiveCfg = Debug|x64
		{A17E813D-403C-4C87-A6F3-C3447427120A}.Debug|x64.Build.0 = Debug|x64
		{A17E813D-403C-4C87-A6F3-C3447427120A}.Debug|x86.ActiveCfg = Debug|x86
		{A17E813D-403C-4C87-A6F3-C3447427120A}.Debug|x86.Build.0 = Debug|x86
		{A17E813D-403C-4C87-A6F3-C3447427120A}.Release|Any CPU.ActiveCfg = Release|Any CPU
		{A17E813D-403C-4C87-A6F3-C3447427120A}.Release|Any CPU.Build.0 = Release|Any CPU
		{A17E813D-403C-4C87-A6F3-C3447427120A}.Release|x64.ActiveCfg = Release|x64
		{A17E813D-403C-4C87-A6F3-C3447427120A}.Release|x64.Build.0 = Release|x64
		{A17E813D-403C-4C87-A6F3-C3447427120A}.Release|x86.ActiveCfg = Release|x86
		{A17E813D-403C-4C87-A6F3-C3447427120A}.Release|x86.Build.0 = Release|x86
	EndGlobalSection
	GlobalSection(SolutionProperties) = preSolution
		HideSolutionNode = FALSE
	EndGlobalSection
	GlobalSection(ExtensibilityGlobals) = postSolution
		SolutionGuid = {9C416207-F39C-4771-9600-96358D175A21}
	EndGlobalSection
EndGlobal
